// !$*UTF8*$!
{
	archiveVersion = 1;
	classes = {
	};
	objectVersion = 50;
	objects = {

/* Begin PBXBuildFile section */
		84970E97270E135E0079C8BD /* FileLoader.swift in Sources */ = {isa = PBXBuildFile; fileRef = 84970E95270E135E0079C8BD /* FileLoader.swift */; };
		84970E9E270E138F0079C8BD /* testMol2.sdf in Resources */ = {isa = PBXBuildFile; fileRef = 84970E9A270E138F0079C8BD /* testMol2.sdf */; };
		84970E9F270E138F0079C8BD /* testMol3.sdf in Resources */ = {isa = PBXBuildFile; fileRef = 84970E9B270E138F0079C8BD /* testMol3.sdf */; };
		84970EA0270E138F0079C8BD /* testMol1.sdf in Resources */ = {isa = PBXBuildFile; fileRef = 84970E9C270E138F0079C8BD /* testMol1.sdf */; };
		84970EA3270E147D0079C8BD /* FileLoaderTests.swift in Sources */ = {isa = PBXBuildFile; fileRef = 84970E99270E138F0079C8BD /* FileLoaderTests.swift */; };
		84970EAB270E164E0079C8BD /* State.swift in Sources */ = {isa = PBXBuildFile; fileRef = 84970EA7270E164E0079C8BD /* State.swift */; };
		84970EAC270E164E0079C8BD /* Bond.swift in Sources */ = {isa = PBXBuildFile; fileRef = 84970EA8270E164E0079C8BD /* Bond.swift */; };
		84970EAD270E164E0079C8BD /* Reaction.swift in Sources */ = {isa = PBXBuildFile; fileRef = 84970EA9270E164E0079C8BD /* Reaction.swift */; };
		84970EAE270E164E0079C8BD /* Atom.swift in Sources */ = {isa = PBXBuildFile; fileRef = 84970EAA270E164E0079C8BD /* Atom.swift */; };
		84970EB2270E169A0079C8BD /* cyclobutanetraj1.sdf in Resources */ = {isa = PBXBuildFile; fileRef = 84970EB0270E169A0079C8BD /* cyclobutanetraj1.sdf */; };
		84970EB3270E169A0079C8BD /* bullvalenetraj.sdf in Resources */ = {isa = PBXBuildFile; fileRef = 84970EB1270E169A0079C8BD /* bullvalenetraj.sdf */; };
		84970EB4270E16FB0079C8BD /* testMol1.sdf in Resources */ = {isa = PBXBuildFile; fileRef = 84970E9C270E138F0079C8BD /* testMol1.sdf */; };
		84970EB5270E16FB0079C8BD /* testMol2.sdf in Resources */ = {isa = PBXBuildFile; fileRef = 84970E9A270E138F0079C8BD /* testMol2.sdf */; };
		84970EB6270E16FB0079C8BD /* testMol3.sdf in Resources */ = {isa = PBXBuildFile; fileRef = 84970E9B270E138F0079C8BD /* testMol3.sdf */; };
		84970EB7270E17070079C8BD /* cyclobutanetraj1.sdf in Resources */ = {isa = PBXBuildFile; fileRef = 84970EB0270E169A0079C8BD /* cyclobutanetraj1.sdf */; };
		84970EB8270E17070079C8BD /* bullvalenetraj.sdf in Resources */ = {isa = PBXBuildFile; fileRef = 84970EB1270E169A0079C8BD /* bullvalenetraj.sdf */; };
		84970EBA270E2C740079C8BD /* ReactionSelectionView.swift in Sources */ = {isa = PBXBuildFile; fileRef = 84970EB9270E2C740079C8BD /* ReactionSelectionView.swift */; };
		84FAC224278E2B73002B2A53 /* TertButyl_RA_tertpentyl.sdf in Resources */ = {isa = PBXBuildFile; fileRef = 84FAC219278E2B73002B2A53 /* TertButyl_RA_tertpentyl.sdf */; };
		84FAC225278E2B73002B2A53 /* TertButyl_RA_tertpentyl.sdf in Resources */ = {isa = PBXBuildFile; fileRef = 84FAC219278E2B73002B2A53 /* TertButyl_RA_tertpentyl.sdf */; };
		84FAC226278E2B73002B2A53 /* 2-Bromobutane_SN2_2-Methoxybutane.sdf in Resources */ = {isa = PBXBuildFile; fileRef = 84FAC21A278E2B73002B2A53 /* 2-Bromobutane_SN2_2-Methoxybutane.sdf */; };
		84FAC227278E2B73002B2A53 /* 2-Bromobutane_SN2_2-Methoxybutane.sdf in Resources */ = {isa = PBXBuildFile; fileRef = 84FAC21A278E2B73002B2A53 /* 2-Bromobutane_SN2_2-Methoxybutane.sdf */; };
		84FAC228278E2B73002B2A53 /* Butoxy_TS_hydroxybutyl.sdf in Resources */ = {isa = PBXBuildFile; fileRef = 84FAC21B278E2B73002B2A53 /* Butoxy_TS_hydroxybutyl.sdf */; };
		84FAC229278E2B73002B2A53 /* Butoxy_TS_hydroxybutyl.sdf in Resources */ = {isa = PBXBuildFile; fileRef = 84FAC21B278E2B73002B2A53 /* Butoxy_TS_hydroxybutyl.sdf */; };
		84FAC22A278E2B73002B2A53 /* Iodotertbutane_SN1_tertbutyl.sdf in Resources */ = {isa = PBXBuildFile; fileRef = 84FAC21C278E2B73002B2A53 /* Iodotertbutane_SN1_tertbutyl.sdf */; };
		84FAC22B278E2B73002B2A53 /* Iodotertbutane_SN1_tertbutyl.sdf in Resources */ = {isa = PBXBuildFile; fileRef = 84FAC21C278E2B73002B2A53 /* Iodotertbutane_SN1_tertbutyl.sdf */; };
		84FAC22C278E2B73002B2A53 /* SN2.sdf in Resources */ = {isa = PBXBuildFile; fileRef = 84FAC21D278E2B73002B2A53 /* SN2.sdf */; };
		84FAC22D278E2B73002B2A53 /* SN2.sdf in Resources */ = {isa = PBXBuildFile; fileRef = 84FAC21D278E2B73002B2A53 /* SN2.sdf */; };
		84FAC22E278E2B73002B2A53 /* cyclohexane.sdf in Resources */ = {isa = PBXBuildFile; fileRef = 84FAC21E278E2B73002B2A53 /* cyclohexane.sdf */; };
		84FAC22F278E2B73002B2A53 /* cyclohexane.sdf in Resources */ = {isa = PBXBuildFile; fileRef = 84FAC21E278E2B73002B2A53 /* cyclohexane.sdf */; };
		84FAC230278E2B73002B2A53 /* butadiene_ethene_DA_cyclohexane.sdf in Resources */ = {isa = PBXBuildFile; fileRef = 84FAC21F278E2B73002B2A53 /* butadiene_ethene_DA_cyclohexane.sdf */; };
		84FAC231278E2B73002B2A53 /* butadiene_ethene_DA_cyclohexane.sdf in Resources */ = {isa = PBXBuildFile; fileRef = 84FAC21F278E2B73002B2A53 /* butadiene_ethene_DA_cyclohexane.sdf */; };
		84FAC232278E2B73002B2A53 /* Acetone_NA_2-hydroxy-2-methylpropanenitrile.sdf in Resources */ = {isa = PBXBuildFile; fileRef = 84FAC220278E2B73002B2A53 /* Acetone_NA_2-hydroxy-2-methylpropanenitrile.sdf */; };
		84FAC233278E2B73002B2A53 /* Acetone_NA_2-hydroxy-2-methylpropanenitrile.sdf in Resources */ = {isa = PBXBuildFile; fileRef = 84FAC220278E2B73002B2A53 /* Acetone_NA_2-hydroxy-2-methylpropanenitrile.sdf */; };
		84FAC234278E2B73002B2A53 /* 2-Bromobutane_E2_Butene.sdf in Resources */ = {isa = PBXBuildFile; fileRef = 84FAC221278E2B73002B2A53 /* 2-Bromobutane_E2_Butene.sdf */; };
		84FAC235278E2B73002B2A53 /* 2-Bromobutane_E2_Butene.sdf in Resources */ = {isa = PBXBuildFile; fileRef = 84FAC221278E2B73002B2A53 /* 2-Bromobutane_E2_Butene.sdf */; };
		84FAC236278E2B73002B2A53 /* Butene_EA_bromobutane.sdf in Resources */ = {isa = PBXBuildFile; fileRef = 84FAC222278E2B73002B2A53 /* Butene_EA_bromobutane.sdf */; };
		84FAC237278E2B73002B2A53 /* Butene_EA_bromobutane.sdf in Resources */ = {isa = PBXBuildFile; fileRef = 84FAC222278E2B73002B2A53 /* Butene_EA_bromobutane.sdf */; };
		84FAC238278E2B73002B2A53 /* hexadiene_cope_hexadiene.sdf in Resources */ = {isa = PBXBuildFile; fileRef = 84FAC223278E2B73002B2A53 /* hexadiene_cope_hexadiene.sdf */; };
		84FAC239278E2B73002B2A53 /* hexadiene_cope_hexadiene.sdf in Resources */ = {isa = PBXBuildFile; fileRef = 84FAC223278E2B73002B2A53 /* hexadiene_cope_hexadiene.sdf */; };
		84FF253C271E09430050074D /* SelectionHostingController.swift in Sources */ = {isa = PBXBuildFile; fileRef = 84FF253B271E09430050074D /* SelectionHostingController.swift */; };
		84FF2540271E14E10050074D /* Reaction.storyboard in Resources */ = {isa = PBXBuildFile; fileRef = 84FF253F271E14E10050074D /* Reaction.storyboard */; };
		84FF2542271F81FD0050074D /* ReactionView.swift in Sources */ = {isa = PBXBuildFile; fileRef = 84FF2541271F81FD0050074D /* ReactionView.swift */; };
		8817C94C256468EB000065FB /* OptionsViewController.swift in Sources */ = {isa = PBXBuildFile; fileRef = 8817C94B256468EB000065FB /* OptionsViewController.swift */; };
		881D66C3253F80BC00054303 /* ScnBond.swift in Sources */ = {isa = PBXBuildFile; fileRef = 881D66C2253F80BC00054303 /* ScnBond.swift */; };
		885BFABE251AA96D0042EB4C /* XYZ_test_3.xyz in Resources */ = {isa = PBXBuildFile; fileRef = 885BFABD251AA96D0042EB4C /* XYZ_test_3.xyz */; };
		885BFAC3251AB1E90042EB4C /* XYZ_test_4.xyz in Resources */ = {isa = PBXBuildFile; fileRef = 885BFAC2251AB1E90042EB4C /* XYZ_test_4.xyz */; };
		8880B6832579D28300ADB56B /* NodeTechnique.plist in Resources */ = {isa = PBXBuildFile; fileRef = 8880B6812579D28300ADB56B /* NodeTechnique.plist */; };
		8880B6842579D28300ADB56B /* NodeRender.metal in Sources */ = {isa = PBXBuildFile; fileRef = 8880B6822579D28300ADB56B /* NodeRender.metal */; };
		888722DC252D023C000E808A /* XYZ_test_6.xyz in Resources */ = {isa = PBXBuildFile; fileRef = 888722DB252D023C000E808A /* XYZ_test_6.xyz */; };
		88A242A42560507700D67090 /* OH-EtBr-SN2-traj5 2.xyz in Resources */ = {isa = PBXBuildFile; fileRef = 88A242A32560507700D67090 /* OH-EtBr-SN2-traj5 2.xyz */; };
		88ADFAFE2554977E003C5D8A /* OH-EtBr-SN2-traj5.xyz in Resources */ = {isa = PBXBuildFile; fileRef = 88ADFAFD2554977E003C5D8A /* OH-EtBr-SN2-traj5.xyz */; };
		88B82D6F24F57F1D0050F836 /* AppDelegate.swift in Sources */ = {isa = PBXBuildFile; fileRef = 88B82D6E24F57F1D0050F836 /* AppDelegate.swift */; };
		88B82D7124F57F1D0050F836 /* SceneDelegate.swift in Sources */ = {isa = PBXBuildFile; fileRef = 88B82D7024F57F1D0050F836 /* SceneDelegate.swift */; };
		88B82D7324F57F1D0050F836 /* 3DViewController.swift in Sources */ = {isa = PBXBuildFile; fileRef = 88B82D7224F57F1D0050F836 /* 3DViewController.swift */; };
		88B82D7624F57F1D0050F836 /* Main.storyboard in Resources */ = {isa = PBXBuildFile; fileRef = 88B82D7424F57F1D0050F836 /* Main.storyboard */; };
		88B82D7824F57F1E0050F836 /* Assets.xcassets in Resources */ = {isa = PBXBuildFile; fileRef = 88B82D7724F57F1E0050F836 /* Assets.xcassets */; };
		88B82D7B24F57F1E0050F836 /* LaunchScreen.storyboard in Resources */ = {isa = PBXBuildFile; fileRef = 88B82D7924F57F1E0050F836 /* LaunchScreen.storyboard */; };
		88B82D9124F57F1E0050F836 /* MoleculeDemo3UITests.swift in Sources */ = {isa = PBXBuildFile; fileRef = 88B82D9024F57F1E0050F836 /* MoleculeDemo3UITests.swift */; };
		88B82DA424F583BE0050F836 /* ScnAtom.swift in Sources */ = {isa = PBXBuildFile; fileRef = 88B82DA324F583BE0050F836 /* ScnAtom.swift */; };
		88B82DA624F583D40050F836 /* AtomInfo.swift in Sources */ = {isa = PBXBuildFile; fileRef = 88B82DA524F583D40050F836 /* AtomInfo.swift */; };
		88C45F502548D6850049DCF3 /* Timer.swift in Sources */ = {isa = PBXBuildFile; fileRef = 88C45F4F2548D6850049DCF3 /* Timer.swift */; };
		88DB3030252F960800AB899F /* MoleculeTableViewController.swift in Sources */ = {isa = PBXBuildFile; fileRef = 88DB302F252F960800AB899F /* MoleculeTableViewController.swift */; };
		88E2B01C256E05FE00C20672 /* SN2.xyz in Resources */ = {isa = PBXBuildFile; fileRef = 88E2B01B256E05FE00C20672 /* SN2.xyz */; };
/* End PBXBuildFile section */

/* Begin PBXContainerItemProxy section */
		88B82D8224F57F1E0050F836 /* PBXContainerItemProxy */ = {
			isa = PBXContainerItemProxy;
			containerPortal = 88B82D6324F57F1D0050F836 /* Project object */;
			proxyType = 1;
			remoteGlobalIDString = 88B82D6A24F57F1D0050F836;
			remoteInfo = MoleculeDemo3;
		};
		88B82D8D24F57F1E0050F836 /* PBXContainerItemProxy */ = {
			isa = PBXContainerItemProxy;
			containerPortal = 88B82D6324F57F1D0050F836 /* Project object */;
			proxyType = 1;
			remoteGlobalIDString = 88B82D6A24F57F1D0050F836;
			remoteInfo = MoleculeDemo3;
		};
/* End PBXContainerItemProxy section */

/* Begin PBXFileReference section */
		84970E95270E135E0079C8BD /* FileLoader.swift */ = {isa = PBXFileReference; fileEncoding = 4; lastKnownFileType = sourcecode.swift; path = FileLoader.swift; sourceTree = "<group>"; };
		84970E99270E138F0079C8BD /* FileLoaderTests.swift */ = {isa = PBXFileReference; fileEncoding = 4; lastKnownFileType = sourcecode.swift; path = FileLoaderTests.swift; sourceTree = "<group>"; };
		84970E9A270E138F0079C8BD /* testMol2.sdf */ = {isa = PBXFileReference; fileEncoding = 4; lastKnownFileType = text; path = testMol2.sdf; sourceTree = "<group>"; };
		84970E9B270E138F0079C8BD /* testMol3.sdf */ = {isa = PBXFileReference; fileEncoding = 4; lastKnownFileType = text; path = testMol3.sdf; sourceTree = "<group>"; };
		84970E9C270E138F0079C8BD /* testMol1.sdf */ = {isa = PBXFileReference; fileEncoding = 4; lastKnownFileType = text; path = testMol1.sdf; sourceTree = "<group>"; };
		84970EA7270E164E0079C8BD /* State.swift */ = {isa = PBXFileReference; fileEncoding = 4; lastKnownFileType = sourcecode.swift; path = State.swift; sourceTree = "<group>"; };
		84970EA8270E164E0079C8BD /* Bond.swift */ = {isa = PBXFileReference; fileEncoding = 4; lastKnownFileType = sourcecode.swift; path = Bond.swift; sourceTree = "<group>"; };
		84970EA9270E164E0079C8BD /* Reaction.swift */ = {isa = PBXFileReference; fileEncoding = 4; lastKnownFileType = sourcecode.swift; path = Reaction.swift; sourceTree = "<group>"; };
		84970EAA270E164E0079C8BD /* Atom.swift */ = {isa = PBXFileReference; fileEncoding = 4; lastKnownFileType = sourcecode.swift; path = Atom.swift; sourceTree = "<group>"; };
		84970EB0270E169A0079C8BD /* cyclobutanetraj1.sdf */ = {isa = PBXFileReference; fileEncoding = 4; lastKnownFileType = text; path = cyclobutanetraj1.sdf; sourceTree = "<group>"; };
		84970EB1270E169A0079C8BD /* bullvalenetraj.sdf */ = {isa = PBXFileReference; fileEncoding = 4; lastKnownFileType = text; path = bullvalenetraj.sdf; sourceTree = "<group>"; };
		84970EB9270E2C740079C8BD /* ReactionSelectionView.swift */ = {isa = PBXFileReference; lastKnownFileType = sourcecode.swift; path = ReactionSelectionView.swift; sourceTree = "<group>"; };
		84FAC219278E2B73002B2A53 /* TertButyl_RA_tertpentyl.sdf */ = {isa = PBXFileReference; fileEncoding = 4; lastKnownFileType = text; path = TertButyl_RA_tertpentyl.sdf; sourceTree = "<group>"; };
		84FAC21A278E2B73002B2A53 /* 2-Bromobutane_SN2_2-Methoxybutane.sdf */ = {isa = PBXFileReference; fileEncoding = 4; lastKnownFileType = text; path = "2-Bromobutane_SN2_2-Methoxybutane.sdf"; sourceTree = "<group>"; };
		84FAC21B278E2B73002B2A53 /* Butoxy_TS_hydroxybutyl.sdf */ = {isa = PBXFileReference; fileEncoding = 4; lastKnownFileType = text; path = Butoxy_TS_hydroxybutyl.sdf; sourceTree = "<group>"; };
		84FAC21C278E2B73002B2A53 /* Iodotertbutane_SN1_tertbutyl.sdf */ = {isa = PBXFileReference; fileEncoding = 4; lastKnownFileType = text; path = Iodotertbutane_SN1_tertbutyl.sdf; sourceTree = "<group>"; };
		84FAC21D278E2B73002B2A53 /* SN2.sdf */ = {isa = PBXFileReference; fileEncoding = 4; lastKnownFileType = text; path = SN2.sdf; sourceTree = "<group>"; };
		84FAC21E278E2B73002B2A53 /* cyclohexane.sdf */ = {isa = PBXFileReference; fileEncoding = 4; lastKnownFileType = text; path = cyclohexane.sdf; sourceTree = "<group>"; };
		84FAC21F278E2B73002B2A53 /* butadiene_ethene_DA_cyclohexane.sdf */ = {isa = PBXFileReference; fileEncoding = 4; lastKnownFileType = text; path = butadiene_ethene_DA_cyclohexane.sdf; sourceTree = "<group>"; };
		84FAC220278E2B73002B2A53 /* Acetone_NA_2-hydroxy-2-methylpropanenitrile.sdf */ = {isa = PBXFileReference; fileEncoding = 4; lastKnownFileType = text; path = "Acetone_NA_2-hydroxy-2-methylpropanenitrile.sdf"; sourceTree = "<group>"; };
		84FAC221278E2B73002B2A53 /* 2-Bromobutane_E2_Butene.sdf */ = {isa = PBXFileReference; fileEncoding = 4; lastKnownFileType = text; path = "2-Bromobutane_E2_Butene.sdf"; sourceTree = "<group>"; };
		84FAC222278E2B73002B2A53 /* Butene_EA_bromobutane.sdf */ = {isa = PBXFileReference; fileEncoding = 4; lastKnownFileType = text; path = Butene_EA_bromobutane.sdf; sourceTree = "<group>"; };
		84FAC223278E2B73002B2A53 /* hexadiene_cope_hexadiene.sdf */ = {isa = PBXFileReference; fileEncoding = 4; lastKnownFileType = text; path = hexadiene_cope_hexadiene.sdf; sourceTree = "<group>"; };
		84FF253B271E09430050074D /* SelectionHostingController.swift */ = {isa = PBXFileReference; lastKnownFileType = sourcecode.swift; path = SelectionHostingController.swift; sourceTree = "<group>"; };
		84FF253F271E14E10050074D /* Reaction.storyboard */ = {isa = PBXFileReference; lastKnownFileType = file.storyboard; path = Reaction.storyboard; sourceTree = "<group>"; };
		84FF2541271F81FD0050074D /* ReactionView.swift */ = {isa = PBXFileReference; lastKnownFileType = sourcecode.swift; path = ReactionView.swift; sourceTree = "<group>"; };
		8817C94B256468EB000065FB /* OptionsViewController.swift */ = {isa = PBXFileReference; lastKnownFileType = sourcecode.swift; path = OptionsViewController.swift; sourceTree = "<group>"; };
		881D66C2253F80BC00054303 /* ScnBond.swift */ = {isa = PBXFileReference; lastKnownFileType = sourcecode.swift; path = ScnBond.swift; sourceTree = "<group>"; };
		885BFABD251AA96D0042EB4C /* XYZ_test_3.xyz */ = {isa = PBXFileReference; fileEncoding = 4; lastKnownFileType = text; path = XYZ_test_3.xyz; sourceTree = "<group>"; };
		885BFAC2251AB1E90042EB4C /* XYZ_test_4.xyz */ = {isa = PBXFileReference; fileEncoding = 4; lastKnownFileType = text; path = XYZ_test_4.xyz; sourceTree = "<group>"; };
		8880B6812579D28300ADB56B /* NodeTechnique.plist */ = {isa = PBXFileReference; fileEncoding = 4; lastKnownFileType = text.plist.xml; path = NodeTechnique.plist; sourceTree = "<group>"; };
		8880B6822579D28300ADB56B /* NodeRender.metal */ = {isa = PBXFileReference; fileEncoding = 4; lastKnownFileType = sourcecode.metal; path = NodeRender.metal; sourceTree = "<group>"; };
		888722DB252D023C000E808A /* XYZ_test_6.xyz */ = {isa = PBXFileReference; fileEncoding = 4; lastKnownFileType = text; path = XYZ_test_6.xyz; sourceTree = "<group>"; };
		88A242A32560507700D67090 /* OH-EtBr-SN2-traj5 2.xyz */ = {isa = PBXFileReference; fileEncoding = 4; lastKnownFileType = text; path = "OH-EtBr-SN2-traj5 2.xyz"; sourceTree = "<group>"; };
		88ADFAFD2554977E003C5D8A /* OH-EtBr-SN2-traj5.xyz */ = {isa = PBXFileReference; fileEncoding = 4; lastKnownFileType = text; path = "OH-EtBr-SN2-traj5.xyz"; sourceTree = "<group>"; };
		88B82D6B24F57F1D0050F836 /* MoleculeDemo4.app */ = {isa = PBXFileReference; explicitFileType = wrapper.application; includeInIndex = 0; path = MoleculeDemo4.app; sourceTree = BUILT_PRODUCTS_DIR; };
		88B82D6E24F57F1D0050F836 /* AppDelegate.swift */ = {isa = PBXFileReference; lastKnownFileType = sourcecode.swift; path = AppDelegate.swift; sourceTree = "<group>"; };
		88B82D7024F57F1D0050F836 /* SceneDelegate.swift */ = {isa = PBXFileReference; lastKnownFileType = sourcecode.swift; path = SceneDelegate.swift; sourceTree = "<group>"; };
		88B82D7224F57F1D0050F836 /* 3DViewController.swift */ = {isa = PBXFileReference; lastKnownFileType = sourcecode.swift; path = 3DViewController.swift; sourceTree = "<group>"; };
		88B82D7524F57F1D0050F836 /* Base */ = {isa = PBXFileReference; lastKnownFileType = file.storyboard; name = Base; path = Base.lproj/Main.storyboard; sourceTree = "<group>"; };
		88B82D7724F57F1E0050F836 /* Assets.xcassets */ = {isa = PBXFileReference; lastKnownFileType = folder.assetcatalog; path = Assets.xcassets; sourceTree = "<group>"; };
		88B82D7A24F57F1E0050F836 /* Base */ = {isa = PBXFileReference; lastKnownFileType = file.storyboard; name = Base; path = Base.lproj/LaunchScreen.storyboard; sourceTree = "<group>"; };
		88B82D7C24F57F1E0050F836 /* Info.plist */ = {isa = PBXFileReference; lastKnownFileType = text.plist.xml; path = Info.plist; sourceTree = "<group>"; };
		88B82D8124F57F1E0050F836 /* MoleculeDemo4Tests.xctest */ = {isa = PBXFileReference; explicitFileType = wrapper.cfbundle; includeInIndex = 0; path = MoleculeDemo4Tests.xctest; sourceTree = BUILT_PRODUCTS_DIR; };
		88B82D8724F57F1E0050F836 /* Info.plist */ = {isa = PBXFileReference; lastKnownFileType = text.plist.xml; path = Info.plist; sourceTree = "<group>"; };
		88B82D8C24F57F1E0050F836 /* MoleculeDemo4UITests.xctest */ = {isa = PBXFileReference; explicitFileType = wrapper.cfbundle; includeInIndex = 0; path = MoleculeDemo4UITests.xctest; sourceTree = BUILT_PRODUCTS_DIR; };
		88B82D9024F57F1E0050F836 /* MoleculeDemo3UITests.swift */ = {isa = PBXFileReference; lastKnownFileType = sourcecode.swift; path = MoleculeDemo3UITests.swift; sourceTree = "<group>"; };
		88B82D9224F57F1E0050F836 /* Info.plist */ = {isa = PBXFileReference; lastKnownFileType = text.plist.xml; path = Info.plist; sourceTree = "<group>"; };
		88B82DA324F583BE0050F836 /* ScnAtom.swift */ = {isa = PBXFileReference; lastKnownFileType = sourcecode.swift; path = ScnAtom.swift; sourceTree = "<group>"; };
		88B82DA524F583D40050F836 /* AtomInfo.swift */ = {isa = PBXFileReference; lastKnownFileType = sourcecode.swift; path = AtomInfo.swift; sourceTree = "<group>"; };
		88C45F4F2548D6850049DCF3 /* Timer.swift */ = {isa = PBXFileReference; lastKnownFileType = sourcecode.swift; path = Timer.swift; sourceTree = "<group>"; };
		88DB302F252F960800AB899F /* MoleculeTableViewController.swift */ = {isa = PBXFileReference; lastKnownFileType = sourcecode.swift; path = MoleculeTableViewController.swift; sourceTree = "<group>"; };
		88E2B01B256E05FE00C20672 /* SN2.xyz */ = {isa = PBXFileReference; fileEncoding = 4; lastKnownFileType = text; path = SN2.xyz; sourceTree = "<group>"; };
/* End PBXFileReference section */

/* Begin PBXFrameworksBuildPhase section */
		88B82D6824F57F1D0050F836 /* Frameworks */ = {
			isa = PBXFrameworksBuildPhase;
			buildActionMask = 2147483647;
			files = (
			);
			runOnlyForDeploymentPostprocessing = 0;
		};
		88B82D7E24F57F1E0050F836 /* Frameworks */ = {
			isa = PBXFrameworksBuildPhase;
			buildActionMask = 2147483647;
			files = (
			);
			runOnlyForDeploymentPostprocessing = 0;
		};
		88B82D8924F57F1E0050F836 /* Frameworks */ = {
			isa = PBXFrameworksBuildPhase;
			buildActionMask = 2147483647;
			files = (
			);
			runOnlyForDeploymentPostprocessing = 0;
		};
/* End PBXFrameworksBuildPhase section */

/* Begin PBXGroup section */
		84970EA6270E164E0079C8BD /* dataObjects */ = {
			isa = PBXGroup;
			children = (
				84970EA7270E164E0079C8BD /* State.swift */,
				84970EA8270E164E0079C8BD /* Bond.swift */,
				84970EA9270E164E0079C8BD /* Reaction.swift */,
				84970EAA270E164E0079C8BD /* Atom.swift */,
			);
			path = dataObjects;
			sourceTree = "<group>";
		};
		84970EAF270E169A0079C8BD /* sdfFiles */ = {
			isa = PBXGroup;
			children = (
				84FAC221278E2B73002B2A53 /* 2-Bromobutane_E2_Butene.sdf */,
				84FAC21A278E2B73002B2A53 /* 2-Bromobutane_SN2_2-Methoxybutane.sdf */,
				84FAC220278E2B73002B2A53 /* Acetone_NA_2-hydroxy-2-methylpropanenitrile.sdf */,
				84FAC21F278E2B73002B2A53 /* butadiene_ethene_DA_cyclohexane.sdf */,
				84FAC222278E2B73002B2A53 /* Butene_EA_bromobutane.sdf */,
				84FAC21B278E2B73002B2A53 /* Butoxy_TS_hydroxybutyl.sdf */,
				84FAC21E278E2B73002B2A53 /* cyclohexane.sdf */,
				84FAC223278E2B73002B2A53 /* hexadiene_cope_hexadiene.sdf */,
				84FAC21C278E2B73002B2A53 /* Iodotertbutane_SN1_tertbutyl.sdf */,
				84FAC21D278E2B73002B2A53 /* SN2.sdf */,
				84FAC219278E2B73002B2A53 /* TertButyl_RA_tertpentyl.sdf */,
				84970EB0270E169A0079C8BD /* cyclobutanetraj1.sdf */,
				84970EB1270E169A0079C8BD /* bullvalenetraj.sdf */,
			);
			path = sdfFiles;
			sourceTree = "<group>";
		};
		88B82D6224F57F1D0050F836 = {
			isa = PBXGroup;
			children = (
				88B82D6D24F57F1D0050F836 /* MoleculeDemo3 */,
				88B82D8424F57F1E0050F836 /* MoleculeDemo3Tests */,
				88B82D8F24F57F1E0050F836 /* MoleculeDemo3UITests */,
				88B82D6C24F57F1D0050F836 /* Products */,
			);
			sourceTree = "<group>";
		};
		88B82D6C24F57F1D0050F836 /* Products */ = {
			isa = PBXGroup;
			children = (
				88B82D6B24F57F1D0050F836 /* MoleculeDemo4.app */,
				88B82D8124F57F1E0050F836 /* MoleculeDemo4Tests.xctest */,
				88B82D8C24F57F1E0050F836 /* MoleculeDemo4UITests.xctest */,
			);
			name = Products;
			sourceTree = "<group>";
		};
		88B82D6D24F57F1D0050F836 /* MoleculeDemo3 */ = {
			isa = PBXGroup;
			children = (
				84970EAF270E169A0079C8BD /* sdfFiles */,
				84970EA6270E164E0079C8BD /* dataObjects */,
				88B82D7424F57F1D0050F836 /* Main.storyboard */,
				88B82D7224F57F1D0050F836 /* 3DViewController.swift */,
				84970E95270E135E0079C8BD /* FileLoader.swift */,
				8817C94B256468EB000065FB /* OptionsViewController.swift */,
				88C45F4F2548D6850049DCF3 /* Timer.swift */,
				88B82DA324F583BE0050F836 /* ScnAtom.swift */,
				881D66C2253F80BC00054303 /* ScnBond.swift */,
				88B82DA524F583D40050F836 /* AtomInfo.swift */,
				88DB302F252F960800AB899F /* MoleculeTableViewController.swift */,
				8880B6822579D28300ADB56B /* NodeRender.metal */,
				8880B6812579D28300ADB56B /* NodeTechnique.plist */,
				88B82D9E24F57F290050F836 /* XYZ Files */,
				88B82D7724F57F1E0050F836 /* Assets.xcassets */,
				88B82D6E24F57F1D0050F836 /* AppDelegate.swift */,
				88B82D7024F57F1D0050F836 /* SceneDelegate.swift */,
				88B82D7924F57F1E0050F836 /* LaunchScreen.storyboard */,
				88B82D7C24F57F1E0050F836 /* Info.plist */,
				84970EB9270E2C740079C8BD /* ReactionSelectionView.swift */,
				84FF253B271E09430050074D /* SelectionHostingController.swift */,
				84FF253F271E14E10050074D /* Reaction.storyboard */,
				84FF2541271F81FD0050074D /* ReactionView.swift */,
			);
			path = MoleculeDemo3;
			sourceTree = "<group>";
		};
		88B82D8424F57F1E0050F836 /* MoleculeDemo3Tests */ = {
			isa = PBXGroup;
			children = (
				84970E9C270E138F0079C8BD /* testMol1.sdf */,
				84970E9A270E138F0079C8BD /* testMol2.sdf */,
				84970E9B270E138F0079C8BD /* testMol3.sdf */,
				84970E99270E138F0079C8BD /* FileLoaderTests.swift */,
				88B82D8724F57F1E0050F836 /* Info.plist */,
			);
			path = MoleculeDemo3Tests;
			sourceTree = "<group>";
		};
		88B82D8F24F57F1E0050F836 /* MoleculeDemo3UITests */ = {
			isa = PBXGroup;
			children = (
				88B82D9024F57F1E0050F836 /* MoleculeDemo3UITests.swift */,
				88B82D9224F57F1E0050F836 /* Info.plist */,
			);
			path = MoleculeDemo3UITests;
			sourceTree = "<group>";
		};
		88B82D9E24F57F290050F836 /* XYZ Files */ = {
			isa = PBXGroup;
			children = (
				88E2B01B256E05FE00C20672 /* SN2.xyz */,
				88ADFAFD2554977E003C5D8A /* OH-EtBr-SN2-traj5.xyz */,
				88A242A32560507700D67090 /* OH-EtBr-SN2-traj5 2.xyz */,
				888722DB252D023C000E808A /* XYZ_test_6.xyz */,
				885BFABD251AA96D0042EB4C /* XYZ_test_3.xyz */,
				885BFAC2251AB1E90042EB4C /* XYZ_test_4.xyz */,
			);
			path = "XYZ Files";
			sourceTree = "<group>";
		};
/* End PBXGroup section */

/* Begin PBXNativeTarget section */
		88B82D6A24F57F1D0050F836 /* MoleculeDemo4 */ = {
			isa = PBXNativeTarget;
			buildConfigurationList = 88B82D9524F57F1E0050F836 /* Build configuration list for PBXNativeTarget "MoleculeDemo4" */;
			buildPhases = (
				88B82D6724F57F1D0050F836 /* Sources */,
				88B82D6824F57F1D0050F836 /* Frameworks */,
				88B82D6924F57F1D0050F836 /* Resources */,
			);
			buildRules = (
			);
			dependencies = (
			);
			name = MoleculeDemo4;
			productName = MoleculeDemo3;
			productReference = 88B82D6B24F57F1D0050F836 /* MoleculeDemo4.app */;
			productType = "com.apple.product-type.application";
		};
		88B82D8024F57F1E0050F836 /* MoleculeDemo4Tests */ = {
			isa = PBXNativeTarget;
			buildConfigurationList = 88B82D9824F57F1E0050F836 /* Build configuration list for PBXNativeTarget "MoleculeDemo4Tests" */;
			buildPhases = (
				88B82D7D24F57F1E0050F836 /* Sources */,
				88B82D7E24F57F1E0050F836 /* Frameworks */,
				88B82D7F24F57F1E0050F836 /* Resources */,
			);
			buildRules = (
			);
			dependencies = (
				88B82D8324F57F1E0050F836 /* PBXTargetDependency */,
			);
			name = MoleculeDemo4Tests;
			productName = MoleculeDemo3Tests;
			productReference = 88B82D8124F57F1E0050F836 /* MoleculeDemo4Tests.xctest */;
			productType = "com.apple.product-type.bundle.unit-test";
		};
		88B82D8B24F57F1E0050F836 /* MoleculeDemo4UITests */ = {
			isa = PBXNativeTarget;
			buildConfigurationList = 88B82D9B24F57F1E0050F836 /* Build configuration list for PBXNativeTarget "MoleculeDemo4UITests" */;
			buildPhases = (
				88B82D8824F57F1E0050F836 /* Sources */,
				88B82D8924F57F1E0050F836 /* Frameworks */,
				88B82D8A24F57F1E0050F836 /* Resources */,
			);
			buildRules = (
			);
			dependencies = (
				88B82D8E24F57F1E0050F836 /* PBXTargetDependency */,
			);
			name = MoleculeDemo4UITests;
			productName = MoleculeDemo3UITests;
			productReference = 88B82D8C24F57F1E0050F836 /* MoleculeDemo4UITests.xctest */;
			productType = "com.apple.product-type.bundle.ui-testing";
		};
/* End PBXNativeTarget section */

/* Begin PBXProject section */
		88B82D6324F57F1D0050F836 /* Project object */ = {
			isa = PBXProject;
			attributes = {
				LastSwiftUpdateCheck = 1160;
				LastUpgradeCheck = 1200;
				ORGANIZATIONNAME = "Gabriel Reed";
				TargetAttributes = {
					88B82D6A24F57F1D0050F836 = {
						CreatedOnToolsVersion = 11.6;
						LastSwiftMigration = 1210;
					};
					88B82D8024F57F1E0050F836 = {
						CreatedOnToolsVersion = 11.6;
						TestTargetID = 88B82D6A24F57F1D0050F836;
					};
					88B82D8B24F57F1E0050F836 = {
						CreatedOnToolsVersion = 11.6;
						TestTargetID = 88B82D6A24F57F1D0050F836;
					};
				};
			};
			buildConfigurationList = 88B82D6624F57F1D0050F836 /* Build configuration list for PBXProject "MoleculeDemo4" */;
			compatibilityVersion = "Xcode 9.3";
			developmentRegion = en;
			hasScannedForEncodings = 0;
			knownRegions = (
				en,
				Base,
			);
			mainGroup = 88B82D6224F57F1D0050F836;
			productRefGroup = 88B82D6C24F57F1D0050F836 /* Products */;
			projectDirPath = "";
			projectRoot = "";
			targets = (
				88B82D6A24F57F1D0050F836 /* MoleculeDemo4 */,
				88B82D8024F57F1E0050F836 /* MoleculeDemo4Tests */,
				88B82D8B24F57F1E0050F836 /* MoleculeDemo4UITests */,
			);
		};
/* End PBXProject section */

/* Begin PBXResourcesBuildPhase section */
		88B82D6924F57F1D0050F836 /* Resources */ = {
			isa = PBXResourcesBuildPhase;
			buildActionMask = 2147483647;
			files = (
				88B82D7B24F57F1E0050F836 /* LaunchScreen.storyboard in Resources */,
				84FAC236278E2B73002B2A53 /* Butene_EA_bromobutane.sdf in Resources */,
				84FAC238278E2B73002B2A53 /* hexadiene_cope_hexadiene.sdf in Resources */,
				885BFAC3251AB1E90042EB4C /* XYZ_test_4.xyz in Resources */,
				8880B6832579D28300ADB56B /* NodeTechnique.plist in Resources */,
				84FAC224278E2B73002B2A53 /* TertButyl_RA_tertpentyl.sdf in Resources */,
				888722DC252D023C000E808A /* XYZ_test_6.xyz in Resources */,
				84970EB2270E169A0079C8BD /* cyclobutanetraj1.sdf in Resources */,
				84FAC226278E2B73002B2A53 /* 2-Bromobutane_SN2_2-Methoxybutane.sdf in Resources */,
				84FAC232278E2B73002B2A53 /* Acetone_NA_2-hydroxy-2-methylpropanenitrile.sdf in Resources */,
				88B82D7824F57F1E0050F836 /* Assets.xcassets in Resources */,
				84FAC234278E2B73002B2A53 /* 2-Bromobutane_E2_Butene.sdf in Resources */,
				84970E9E270E138F0079C8BD /* testMol2.sdf in Resources */,
				84FAC228278E2B73002B2A53 /* Butoxy_TS_hydroxybutyl.sdf in Resources */,
				84970EA0270E138F0079C8BD /* testMol1.sdf in Resources */,
				84FAC22E278E2B73002B2A53 /* cyclohexane.sdf in Resources */,
				88A242A42560507700D67090 /* OH-EtBr-SN2-traj5 2.xyz in Resources */,
				88ADFAFE2554977E003C5D8A /* OH-EtBr-SN2-traj5.xyz in Resources */,
				88E2B01C256E05FE00C20672 /* SN2.xyz in Resources */,
				84FAC22A278E2B73002B2A53 /* Iodotertbutane_SN1_tertbutyl.sdf in Resources */,
				84FAC22C278E2B73002B2A53 /* SN2.sdf in Resources */,
				84FAC230278E2B73002B2A53 /* butadiene_ethene_DA_cyclohexane.sdf in Resources */,
				885BFABE251AA96D0042EB4C /* XYZ_test_3.xyz in Resources */,
				84970EB3270E169A0079C8BD /* bullvalenetraj.sdf in Resources */,
				84970E9F270E138F0079C8BD /* testMol3.sdf in Resources */,
				88B82D7624F57F1D0050F836 /* Main.storyboard in Resources */,
				84FF2540271E14E10050074D /* Reaction.storyboard in Resources */,
			);
			runOnlyForDeploymentPostprocessing = 0;
		};
		88B82D7F24F57F1E0050F836 /* Resources */ = {
			isa = PBXResourcesBuildPhase;
			buildActionMask = 2147483647;
			files = (
				84FAC22F278E2B73002B2A53 /* cyclohexane.sdf in Resources */,
				84FAC231278E2B73002B2A53 /* butadiene_ethene_DA_cyclohexane.sdf in Resources */,
				84FAC239278E2B73002B2A53 /* hexadiene_cope_hexadiene.sdf in Resources */,
				84970EB7270E17070079C8BD /* cyclobutanetraj1.sdf in Resources */,
				84970EB8270E17070079C8BD /* bullvalenetraj.sdf in Resources */,
				84970EB4270E16FB0079C8BD /* testMol1.sdf in Resources */,
				84FAC225278E2B73002B2A53 /* TertButyl_RA_tertpentyl.sdf in Resources */,
				84FAC229278E2B73002B2A53 /* Butoxy_TS_hydroxybutyl.sdf in Resources */,
				84FAC22B278E2B73002B2A53 /* Iodotertbutane_SN1_tertbutyl.sdf in Resources */,
				84FAC237278E2B73002B2A53 /* Butene_EA_bromobutane.sdf in Resources */,
				84FAC227278E2B73002B2A53 /* 2-Bromobutane_SN2_2-Methoxybutane.sdf in Resources */,
				84FAC235278E2B73002B2A53 /* 2-Bromobutane_E2_Butene.sdf in Resources */,
				84FAC22D278E2B73002B2A53 /* SN2.sdf in Resources */,
				84970EB5270E16FB0079C8BD /* testMol2.sdf in Resources */,
				84FAC233278E2B73002B2A53 /* Acetone_NA_2-hydroxy-2-methylpropanenitrile.sdf in Resources */,
				84970EB6270E16FB0079C8BD /* testMol3.sdf in Resources */,
			);
			runOnlyForDeploymentPostprocessing = 0;
		};
		88B82D8A24F57F1E0050F836 /* Resources */ = {
			isa = PBXResourcesBuildPhase;
			buildActionMask = 2147483647;
			files = (
			);
			runOnlyForDeploymentPostprocessing = 0;
		};
/* End PBXResourcesBuildPhase section */

/* Begin PBXSourcesBuildPhase section */
		88B82D6724F57F1D0050F836 /* Sources */ = {
			isa = PBXSourcesBuildPhase;
			buildActionMask = 2147483647;
			files = (
				84970EAD270E164E0079C8BD /* Reaction.swift in Sources */,
				84FF2542271F81FD0050074D /* ReactionView.swift in Sources */,
				88B82DA624F583D40050F836 /* AtomInfo.swift in Sources */,
				88B82D7324F57F1D0050F836 /* 3DViewController.swift in Sources */,
				88B82D6F24F57F1D0050F836 /* AppDelegate.swift in Sources */,
				84970E97270E135E0079C8BD /* FileLoader.swift in Sources */,
				84970EAE270E164E0079C8BD /* Atom.swift in Sources */,
				8880B6842579D28300ADB56B /* NodeRender.metal in Sources */,
				8817C94C256468EB000065FB /* OptionsViewController.swift in Sources */,
				881D66C3253F80BC00054303 /* ScnBond.swift in Sources */,
				88DB3030252F960800AB899F /* MoleculeTableViewController.swift in Sources */,
				84970EAB270E164E0079C8BD /* State.swift in Sources */,
				84970EAC270E164E0079C8BD /* Bond.swift in Sources */,
				84FF253C271E09430050074D /* SelectionHostingController.swift in Sources */,
				84970EBA270E2C740079C8BD /* ReactionSelectionView.swift in Sources */,
				88B82DA424F583BE0050F836 /* ScnAtom.swift in Sources */,
				88B82D7124F57F1D0050F836 /* SceneDelegate.swift in Sources */,
				88C45F502548D6850049DCF3 /* Timer.swift in Sources */,
			);
			runOnlyForDeploymentPostprocessing = 0;
		};
		88B82D7D24F57F1E0050F836 /* Sources */ = {
			isa = PBXSourcesBuildPhase;
			buildActionMask = 2147483647;
			files = (
				84970EA3270E147D0079C8BD /* FileLoaderTests.swift in Sources */,
			);
			runOnlyForDeploymentPostprocessing = 0;
		};
		88B82D8824F57F1E0050F836 /* Sources */ = {
			isa = PBXSourcesBuildPhase;
			buildActionMask = 2147483647;
			files = (
				88B82D9124F57F1E0050F836 /* MoleculeDemo3UITests.swift in Sources */,
			);
			runOnlyForDeploymentPostprocessing = 0;
		};
/* End PBXSourcesBuildPhase section */

/* Begin PBXTargetDependency section */
		88B82D8324F57F1E0050F836 /* PBXTargetDependency */ = {
			isa = PBXTargetDependency;
			target = 88B82D6A24F57F1D0050F836 /* MoleculeDemo4 */;
			targetProxy = 88B82D8224F57F1E0050F836 /* PBXContainerItemProxy */;
		};
		88B82D8E24F57F1E0050F836 /* PBXTargetDependency */ = {
			isa = PBXTargetDependency;
			target = 88B82D6A24F57F1D0050F836 /* MoleculeDemo4 */;
			targetProxy = 88B82D8D24F57F1E0050F836 /* PBXContainerItemProxy */;
		};
/* End PBXTargetDependency section */

/* Begin PBXVariantGroup section */
		88B82D7424F57F1D0050F836 /* Main.storyboard */ = {
			isa = PBXVariantGroup;
			children = (
				88B82D7524F57F1D0050F836 /* Base */,
			);
			name = Main.storyboard;
			sourceTree = "<group>";
		};
		88B82D7924F57F1E0050F836 /* LaunchScreen.storyboard */ = {
			isa = PBXVariantGroup;
			children = (
				88B82D7A24F57F1E0050F836 /* Base */,
			);
			name = LaunchScreen.storyboard;
			sourceTree = "<group>";
		};
/* End PBXVariantGroup section */

/* Begin XCBuildConfiguration section */
		88B82D9324F57F1E0050F836 /* Debug */ = {
			isa = XCBuildConfiguration;
			buildSettings = {
				ALWAYS_SEARCH_USER_PATHS = NO;
				CLANG_ANALYZER_NONNULL = YES;
				CLANG_ANALYZER_NUMBER_OBJECT_CONVERSION = YES_AGGRESSIVE;
				CLANG_CXX_LANGUAGE_STANDARD = "gnu++14";
				CLANG_CXX_LIBRARY = "libc++";
				CLANG_ENABLE_MODULES = YES;
				CLANG_ENABLE_OBJC_ARC = YES;
				CLANG_ENABLE_OBJC_WEAK = YES;
				CLANG_WARN_BLOCK_CAPTURE_AUTORELEASING = YES;
				CLANG_WARN_BOOL_CONVERSION = YES;
				CLANG_WARN_COMMA = YES;
				CLANG_WARN_CONSTANT_CONVERSION = YES;
				CLANG_WARN_DEPRECATED_OBJC_IMPLEMENTATIONS = YES;
				CLANG_WARN_DIRECT_OBJC_ISA_USAGE = YES_ERROR;
				CLANG_WARN_DOCUMENTATION_COMMENTS = YES;
				CLANG_WARN_EMPTY_BODY = YES;
				CLANG_WARN_ENUM_CONVERSION = YES;
				CLANG_WARN_INFINITE_RECURSION = YES;
				CLANG_WARN_INT_CONVERSION = YES;
				CLANG_WARN_NON_LITERAL_NULL_CONVERSION = YES;
				CLANG_WARN_OBJC_IMPLICIT_RETAIN_SELF = YES;
				CLANG_WARN_OBJC_LITERAL_CONVERSION = YES;
				CLANG_WARN_OBJC_ROOT_CLASS = YES_ERROR;
				CLANG_WARN_QUOTED_INCLUDE_IN_FRAMEWORK_HEADER = YES;
				CLANG_WARN_RANGE_LOOP_ANALYSIS = YES;
				CLANG_WARN_STRICT_PROTOTYPES = YES;
				CLANG_WARN_SUSPICIOUS_MOVE = YES;
				CLANG_WARN_UNGUARDED_AVAILABILITY = YES_AGGRESSIVE;
				CLANG_WARN_UNREACHABLE_CODE = YES;
				CLANG_WARN__DUPLICATE_METHOD_MATCH = YES;
				COPY_PHASE_STRIP = NO;
				DEBUG_INFORMATION_FORMAT = dwarf;
				ENABLE_STRICT_OBJC_MSGSEND = YES;
				ENABLE_TESTABILITY = YES;
				GCC_C_LANGUAGE_STANDARD = gnu11;
				GCC_DYNAMIC_NO_PIC = NO;
				GCC_NO_COMMON_BLOCKS = YES;
				GCC_OPTIMIZATION_LEVEL = 0;
				GCC_PREPROCESSOR_DEFINITIONS = (
					"DEBUG=1",
					"$(inherited)",
				);
				GCC_WARN_64_TO_32_BIT_CONVERSION = YES;
				GCC_WARN_ABOUT_RETURN_TYPE = YES_ERROR;
				GCC_WARN_UNDECLARED_SELECTOR = YES;
				GCC_WARN_UNINITIALIZED_AUTOS = YES_AGGRESSIVE;
				GCC_WARN_UNUSED_FUNCTION = YES;
				GCC_WARN_UNUSED_VARIABLE = YES;
				IPHONEOS_DEPLOYMENT_TARGET = 14.0;
				MTL_ENABLE_DEBUG_INFO = INCLUDE_SOURCE;
				MTL_FAST_MATH = YES;
				ONLY_ACTIVE_ARCH = YES;
				SDKROOT = iphoneos;
				SWIFT_ACTIVE_COMPILATION_CONDITIONS = DEBUG;
				SWIFT_OPTIMIZATION_LEVEL = "-Onone";
			};
			name = Debug;
		};
		88B82D9424F57F1E0050F836 /* Release */ = {
			isa = XCBuildConfiguration;
			buildSettings = {
				ALWAYS_SEARCH_USER_PATHS = NO;
				CLANG_ANALYZER_NONNULL = YES;
				CLANG_ANALYZER_NUMBER_OBJECT_CONVERSION = YES_AGGRESSIVE;
				CLANG_CXX_LANGUAGE_STANDARD = "gnu++14";
				CLANG_CXX_LIBRARY = "libc++";
				CLANG_ENABLE_MODULES = YES;
				CLANG_ENABLE_OBJC_ARC = YES;
				CLANG_ENABLE_OBJC_WEAK = YES;
				CLANG_WARN_BLOCK_CAPTURE_AUTORELEASING = YES;
				CLANG_WARN_BOOL_CONVERSION = YES;
				CLANG_WARN_COMMA = YES;
				CLANG_WARN_CONSTANT_CONVERSION = YES;
				CLANG_WARN_DEPRECATED_OBJC_IMPLEMENTATIONS = YES;
				CLANG_WARN_DIRECT_OBJC_ISA_USAGE = YES_ERROR;
				CLANG_WARN_DOCUMENTATION_COMMENTS = YES;
				CLANG_WARN_EMPTY_BODY = YES;
				CLANG_WARN_ENUM_CONVERSION = YES;
				CLANG_WARN_INFINITE_RECURSION = YES;
				CLANG_WARN_INT_CONVERSION = YES;
				CLANG_WARN_NON_LITERAL_NULL_CONVERSION = YES;
				CLANG_WARN_OBJC_IMPLICIT_RETAIN_SELF = YES;
				CLANG_WARN_OBJC_LITERAL_CONVERSION = YES;
				CLANG_WARN_OBJC_ROOT_CLASS = YES_ERROR;
				CLANG_WARN_QUOTED_INCLUDE_IN_FRAMEWORK_HEADER = YES;
				CLANG_WARN_RANGE_LOOP_ANALYSIS = YES;
				CLANG_WARN_STRICT_PROTOTYPES = YES;
				CLANG_WARN_SUSPICIOUS_MOVE = YES;
				CLANG_WARN_UNGUARDED_AVAILABILITY = YES_AGGRESSIVE;
				CLANG_WARN_UNREACHABLE_CODE = YES;
				CLANG_WARN__DUPLICATE_METHOD_MATCH = YES;
				COPY_PHASE_STRIP = NO;
				DEBUG_INFORMATION_FORMAT = "dwarf-with-dsym";
				ENABLE_NS_ASSERTIONS = NO;
				ENABLE_STRICT_OBJC_MSGSEND = YES;
				GCC_C_LANGUAGE_STANDARD = gnu11;
				GCC_NO_COMMON_BLOCKS = YES;
				GCC_WARN_64_TO_32_BIT_CONVERSION = YES;
				GCC_WARN_ABOUT_RETURN_TYPE = YES_ERROR;
				GCC_WARN_UNDECLARED_SELECTOR = YES;
				GCC_WARN_UNINITIALIZED_AUTOS = YES_AGGRESSIVE;
				GCC_WARN_UNUSED_FUNCTION = YES;
				GCC_WARN_UNUSED_VARIABLE = YES;
				IPHONEOS_DEPLOYMENT_TARGET = 14.0;
				MTL_ENABLE_DEBUG_INFO = NO;
				MTL_FAST_MATH = YES;
				SDKROOT = iphoneos;
				SWIFT_COMPILATION_MODE = wholemodule;
				SWIFT_OPTIMIZATION_LEVEL = "-O";
				VALIDATE_PRODUCT = YES;
			};
			name = Release;
		};
		88B82D9624F57F1E0050F836 /* Debug */ = {
			isa = XCBuildConfiguration;
			buildSettings = {
				ASSETCATALOG_COMPILER_APPICON_NAME = AppIcon;
				CLANG_ENABLE_MODULES = YES;
				CODE_SIGN_STYLE = Automatic;
				DEVELOPMENT_TEAM = 576Y5257HB;
				GCC_WARN_INHIBIT_ALL_WARNINGS = NO;
				INFOPLIST_FILE = MoleculeDemo3/Info.plist;
				LD_RUNPATH_SEARCH_PATHS = (
					"$(inherited)",
					"@executable_path/Frameworks",
				);
				PRODUCT_BUNDLE_IDENTIFIER = com.gabetrotro.MoleculeDemo4;
				PRODUCT_NAME = MoleculeDemo4;
				SWIFT_OPTIMIZATION_LEVEL = "-Onone";
				SWIFT_VERSION = 5.0;
				TARGETED_DEVICE_FAMILY = "1,2";
			};
			name = Debug;
		};
		88B82D9724F57F1E0050F836 /* Release */ = {
			isa = XCBuildConfiguration;
			buildSettings = {
				ASSETCATALOG_COMPILER_APPICON_NAME = AppIcon;
				CLANG_ENABLE_MODULES = YES;
				CODE_SIGN_STYLE = Automatic;
				DEVELOPMENT_TEAM = 576Y5257HB;
				INFOPLIST_FILE = MoleculeDemo3/Info.plist;
				LD_RUNPATH_SEARCH_PATHS = (
					"$(inherited)",
					"@executable_path/Frameworks",
				);
				PRODUCT_BUNDLE_IDENTIFIER = com.gabetrotro.MoleculeDemo4;
				PRODUCT_NAME = MoleculeDemo4;
				SWIFT_VERSION = 5.0;
				TARGETED_DEVICE_FAMILY = "1,2";
			};
			name = Release;
		};
		88B82D9924F57F1E0050F836 /* Debug */ = {
			isa = XCBuildConfiguration;
			buildSettings = {
				ALWAYS_EMBED_SWIFT_STANDARD_LIBRARIES = YES;
				BUNDLE_LOADER = "$(TEST_HOST)";
				CODE_SIGN_STYLE = Automatic;
				INFOPLIST_FILE = MoleculeDemo3Tests/Info.plist;
				LD_RUNPATH_SEARCH_PATHS = (
					"$(inherited)",
					"@executable_path/Frameworks",
					"@loader_path/Frameworks",
				);
				PRODUCT_BUNDLE_IDENTIFIER = com.gabetrotro.MoleculeDemo3Tests;
				PRODUCT_NAME = "$(TARGET_NAME)";
				SWIFT_VERSION = 5.0;
				TARGETED_DEVICE_FAMILY = "1,2";
				TEST_HOST = "$(BUILT_PRODUCTS_DIR)/MoleculeDemo4.app/MoleculeDemo4";
			};
			name = Debug;
		};
		88B82D9A24F57F1E0050F836 /* Release */ = {
			isa = XCBuildConfiguration;
			buildSettings = {
				ALWAYS_EMBED_SWIFT_STANDARD_LIBRARIES = YES;
				BUNDLE_LOADER = "$(TEST_HOST)";
				CODE_SIGN_STYLE = Automatic;
				INFOPLIST_FILE = MoleculeDemo3Tests/Info.plist;
				LD_RUNPATH_SEARCH_PATHS = (
					"$(inherited)",
					"@executable_path/Frameworks",
					"@loader_path/Frameworks",
				);
				PRODUCT_BUNDLE_IDENTIFIER = com.gabetrotro.MoleculeDemo3Tests;
				PRODUCT_NAME = "$(TARGET_NAME)";
				SWIFT_VERSION = 5.0;
				TARGETED_DEVICE_FAMILY = "1,2";
				TEST_HOST = "$(BUILT_PRODUCTS_DIR)/MoleculeDemo4.app/MoleculeDemo4";
			};
			name = Release;
		};
		88B82D9C24F57F1E0050F836 /* Debug */ = {
			isa = XCBuildConfiguration;
			buildSettings = {
				ALWAYS_EMBED_SWIFT_STANDARD_LIBRARIES = YES;
				CODE_SIGN_STYLE = Automatic;
				INFOPLIST_FILE = MoleculeDemo3UITests/Info.plist;
				LD_RUNPATH_SEARCH_PATHS = (
					"$(inherited)",
					"@executable_path/Frameworks",
					"@loader_path/Frameworks",
				);
				PRODUCT_BUNDLE_IDENTIFIER = com.gabetrotro.MoleculeDemo3UITests;
				PRODUCT_NAME = "$(TARGET_NAME)";
				SWIFT_VERSION = 5.0;
				TARGETED_DEVICE_FAMILY = "1,2";
				TEST_TARGET_NAME = MoleculeDemo3;
			};
			name = Debug;
		};
		88B82D9D24F57F1E0050F836 /* Release */ = {
			isa = XCBuildConfiguration;
			buildSettings = {
				ALWAYS_EMBED_SWIFT_STANDARD_LIBRARIES = YES;
				CODE_SIGN_STYLE = Automatic;
				INFOPLIST_FILE = MoleculeDemo3UITests/Info.plist;
				LD_RUNPATH_SEARCH_PATHS = (
					"$(inherited)",
					"@executable_path/Frameworks",
					"@loader_path/Frameworks",
				);
				PRODUCT_BUNDLE_IDENTIFIER = com.gabetrotro.MoleculeDemo3UITests;
				PRODUCT_NAME = "$(TARGET_NAME)";
				SWIFT_VERSION = 5.0;
				TARGETED_DEVICE_FAMILY = "1,2";
				TEST_TARGET_NAME = MoleculeDemo3;
			};
			name = Release;
		};
/* End XCBuildConfiguration section */

/* Begin XCConfigurationList section */
		88B82D6624F57F1D0050F836 /* Build configuration list for PBXProject "MoleculeDemo4" */ = {
			isa = XCConfigurationList;
			buildConfigurations = (
				88B82D9324F57F1E0050F836 /* Debug */,
				88B82D9424F57F1E0050F836 /* Release */,
			);
			defaultConfigurationIsVisible = 0;
			defaultConfigurationName = Release;
		};
		88B82D9524F57F1E0050F836 /* Build configuration list for PBXNativeTarget "MoleculeDemo4" */ = {
			isa = XCConfigurationList;
			buildConfigurations = (
				88B82D9624F57F1E0050F836 /* Debug */,
				88B82D9724F57F1E0050F836 /* Release */,
			);
			defaultConfigurationIsVisible = 0;
			defaultConfigurationName = Release;
		};
		88B82D9824F57F1E0050F836 /* Build configuration list for PBXNativeTarget "MoleculeDemo4Tests" */ = {
			isa = XCConfigurationList;
			buildConfigurations = (
				88B82D9924F57F1E0050F836 /* Debug */,
				88B82D9A24F57F1E0050F836 /* Release */,
			);
			defaultConfigurationIsVisible = 0;
			defaultConfigurationName = Release;
		};
		88B82D9B24F57F1E0050F836 /* Build configuration list for PBXNativeTarget "MoleculeDemo4UITests" */ = {
			isa = XCConfigurationList;
			buildConfigurations = (
				88B82D9C24F57F1E0050F836 /* Debug */,
				88B82D9D24F57F1E0050F836 /* Release */,
			);
			defaultConfigurationIsVisible = 0;
			defaultConfigurationName = Release;
		};
/* End XCConfigurationList section */
	};
	rootObject = 88B82D6324F57F1D0050F836 /* Project object */;
}
